// !$*UTF8*$!
{
	archiveVersion = 1;
	classes = {
	};
	objectVersion = 46;
	objects = {

/* Begin PBXBuildFile section */
		BC2198361408DFE400D14B22 /* UIKit.framework in Frameworks */ = {isa = PBXBuildFile; fileRef = BC2198351408DFE400D14B22 /* UIKit.framework */; };
		BC2198381408DFE400D14B22 /* Foundation.framework in Frameworks */ = {isa = PBXBuildFile; fileRef = BC2198371408DFE400D14B22 /* Foundation.framework */; };
		BC21983E1408DFE400D14B22 /* InfoPlist.strings in Resources */ = {isa = PBXBuildFile; fileRef = BC21983C1408DFE400D14B22 /* InfoPlist.strings */; };
		BC2198401408DFE400D14B22 /* main.m in Sources */ = {isa = PBXBuildFile; fileRef = BC21983F1408DFE400D14B22 /* main.m */; };
		BC2198441408DFE400D14B22 /* AppDelegate.m in Sources */ = {isa = PBXBuildFile; fileRef = BC2198431408DFE400D14B22 /* AppDelegate.m */; };
		BC2198471408DFE400D14B22 /* ViewController.m in Sources */ = {isa = PBXBuildFile; fileRef = BC2198461408DFE400D14B22 /* ViewController.m */; };
		BC21984A1408DFE400D14B22 /* ViewController.xib in Resources */ = {isa = PBXBuildFile; fileRef = BC2198481408DFE400D14B22 /* ViewController.xib */; };
/* End PBXBuildFile section */

/* Begin PBXFileReference section */
		BC2198311408DFE400D14B22 /* DriftHere.app */ = {isa = PBXFileReference; explicitFileType = wrapper.application; includeInIndex = 0; path = DriftHere.app; sourceTree = BUILT_PRODUCTS_DIR; };
		BC2198351408DFE400D14B22 /* UIKit.framework */ = {isa = PBXFileReference; lastKnownFileType = wrapper.framework; name = UIKit.framework; path = System/Library/Frameworks/UIKit.framework; sourceTree = SDKROOT; };
		BC2198371408DFE400D14B22 /* Foundation.framework */ = {isa = PBXFileReference; lastKnownFileType = wrapper.framework; name = Foundation.framework; path = System/Library/Frameworks/Foundation.framework; sourceTree = SDKROOT; };
		BC21983B1408DFE400D14B22 /* DriftHere-Info.plist */ = {isa = PBXFileReference; path = "DriftHere-Info.plist"; sourceTree = "<group>"; };
		BC21983D1408DFE400D14B22 /* en */ = {isa = PBXFileReference; lastKnownFileType = text.plist.strings; name = en; path = en.lproj/InfoPlist.strings; sourceTree = "<group>"; };
		BC21983F1408DFE400D14B22 /* main.m */ = {isa = PBXFileReference; lastKnownFileType = sourcecode.c.objc; path = main.m; sourceTree = "<group>"; };
		BC2198411408DFE400D14B22 /* DriftHere-Prefix.pch */ = {isa = PBXFileReference; path = "DriftHere-Prefix.pch"; sourceTree = "<group>"; };
		BC2198421408DFE400D14B22 /* AppDelegate.h */ = {isa = PBXFileReference; path = AppDelegate.h; sourceTree = "<group>"; };
		BC2198431408DFE400D14B22 /* AppDelegate.m */ = {isa = PBXFileReference; lastKnownFileType = sourcecode.c.objc; path = AppDelegate.m; sourceTree = "<group>"; };
		BC2198451408DFE400D14B22 /* ViewController.h */ = {isa = PBXFileReference; path = ViewController.h; sourceTree = "<group>"; };
		BC2198461408DFE400D14B22 /* ViewController.m */ = {isa = PBXFileReference; lastKnownFileType = sourcecode.c.objc; path = ViewController.m; sourceTree = "<group>"; };
		BC2198491408DFE400D14B22 /* en */ = {isa = PBXFileReference; lastKnownFileType = file.xib; name = en; path = en.lproj/ViewController.xib; sourceTree = "<group>"; };
/* End PBXFileReference section */

/* Begin PBXFrameworksBuildPhase section */
		BC21982E1408DFE400D14B22 /* Frameworks */ = {
			isa = PBXFrameworksBuildPhase;
			buildActionMask = 2147483647;
			files = (
				BC2198361408DFE400D14B22 /* UIKit.framework in Frameworks */,
				BC2198381408DFE400D14B22 /* Foundation.framework in Frameworks */,
			);
			runOnlyForDeploymentPostprocessing = 0;
		};
/* End PBXFrameworksBuildPhase section */

/* Begin PBXGroup section */
		BC2198261408DFE400D14B22 = {
			isa = PBXGroup;
			children = (
				BC2198391408DFE400D14B22 /* DriftHere */,
				BC2198341408DFE400D14B22 /* Frameworks */,
				BC2198321408DFE400D14B22 /* Products */,
			);
			sourceTree = "<group>";
		};
		BC2198321408DFE400D14B22 /* Products */ = {
			isa = PBXGroup;
			children = (
				BC2198311408DFE400D14B22 /* DriftHere.app */,
			);
			name = Products;
			sourceTree = "<group>";
		};
		BC2198341408DFE400D14B22 /* Frameworks */ = {
			isa = PBXGroup;
			children = (
				BC2198351408DFE400D14B22 /* UIKit.framework */,
				BC2198371408DFE400D14B22 /* Foundation.framework */,
			);
			name = Frameworks;
			sourceTree = "<group>";
		};
		BC2198391408DFE400D14B22 /* DriftHere */ = {
			isa = PBXGroup;
			children = (
				BC2198421408DFE400D14B22 /* AppDelegate.h */,
				BC2198431408DFE400D14B22 /* AppDelegate.m */,
				BC2198451408DFE400D14B22 /* ViewController.h */,
				BC2198461408DFE400D14B22 /* ViewController.m */,
				BC2198481408DFE400D14B22 /* ViewController.xib */,
				BC21983A1408DFE400D14B22 /* Supporting Files */,
			);
			path = DriftHere;
			sourceTree = "<group>";
		};
		BC21983A1408DFE400D14B22 /* Supporting Files */ = {
			isa = PBXGroup;
			children = (
				BC21983B1408DFE400D14B22 /* DriftHere-Info.plist */,
				BC21983C1408DFE400D14B22 /* InfoPlist.strings */,
				BC21983F1408DFE400D14B22 /* main.m */,
				BC2198411408DFE400D14B22 /* DriftHere-Prefix.pch */,
			);
			name = "Supporting Files";
			sourceTree = "<group>";
		};
/* End PBXGroup section */

/* Begin PBXNativeTarget section */
		BC2198301408DFE400D14B22 /* DriftHere */ = {
			isa = PBXNativeTarget;
			buildConfigurationList = BC21984D1408DFE400D14B22 /* Build configuration list for PBXNativeTarget "DriftHere" */;
			buildPhases = (
				BC21982D1408DFE400D14B22 /* Sources */,
				BC21982E1408DFE400D14B22 /* Frameworks */,
				BC21982F1408DFE400D14B22 /* Resources */,
			);
			buildRules = (
			);
			dependencies = (
			);
			name = DriftHere;
			productName = DriftHere;
			productReference = BC2198311408DFE400D14B22 /* DriftHere.app */;
			productType = "com.apple.product-type.application";
		};
/* End PBXNativeTarget section */

/* Begin PBXProject section */
		BC2198281408DFE400D14B22 /* Project object */ = {
			isa = PBXProject;
			attributes = {
				LastUpgradeCheck = 0420;
			};
			buildConfigurationList = BC21982B1408DFE400D14B22 /* Build configuration list for PBXProject "DriftHere" */;
			compatibilityVersion = "Xcode 3.2";
			developmentRegion = English;
			hasScannedForEncodings = 0;
			knownRegions = (
				en,
			);
			mainGroup = BC2198261408DFE400D14B22;
			productRefGroup = BC2198321408DFE400D14B22 /* Products */;
			projectDirPath = "";
			projectRoot = "";
			targets = (
				BC2198301408DFE400D14B22 /* DriftHere */,
			);
		};
/* End PBXProject section */

/* Begin PBXResourcesBuildPhase section */
		BC21982F1408DFE400D14B22 /* Resources */ = {
			isa = PBXResourcesBuildPhase;
			buildActionMask = 2147483647;
			files = (
				BC21983E1408DFE400D14B22 /* InfoPlist.strings in Resources */,
				BC21984A1408DFE400D14B22 /* ViewController.xib in Resources */,
			);
			runOnlyForDeploymentPostprocessing = 0;
		};
/* End PBXResourcesBuildPhase section */

/* Begin PBXSourcesBuildPhase section */
		BC21982D1408DFE400D14B22 /* Sources */ = {
			isa = PBXSourcesBuildPhase;
			buildActionMask = 2147483647;
			files = (
				BC2198401408DFE400D14B22 /* main.m in Sources */,
				BC2198441408DFE400D14B22 /* AppDelegate.m in Sources */,
				BC2198471408DFE400D14B22 /* ViewController.m in Sources */,
			);
			runOnlyForDeploymentPostprocessing = 0;
		};
/* End PBXSourcesBuildPhase section */

/* Begin PBXVariantGroup section */
		BC21983C1408DFE400D14B22 /* InfoPlist.strings */ = {
			isa = PBXVariantGroup;
			children = (
				BC21983D1408DFE400D14B22 /* en */,
			);
			name = InfoPlist.strings;
			sourceTree = "<group>";
		};
		BC2198481408DFE400D14B22 /* ViewController.xib */ = {
			isa = PBXVariantGroup;
			children = (
				BC2198491408DFE400D14B22 /* en */,
			);
			name = ViewController.xib;
			sourceTree = "<group>";
		};
/* End PBXVariantGroup section */

/* Begin XCBuildConfiguration section */
		BC21984B1408DFE400D14B22 /* Debug */ = {
			isa = XCBuildConfiguration;
			buildSettings = {
				ALWAYS_SEARCH_USER_PATHS = NO;
				ARCHS = "$(ARCHS_STANDARD_32_BIT)";
				CLANG_ENABLE_OBJC_ARC = YES;
				"CODE_SIGN_IDENTITY[sdk=iphoneos*]" = "iPhone Developer";
				COPY_PHASE_STRIP = NO;
				GCC_C_LANGUAGE_STANDARD = gnu99;
				GCC_DYNAMIC_NO_PIC = NO;
				GCC_OPTIMIZATION_LEVEL = 0;
				GCC_PREPROCESSOR_DEFINITIONS = (
					"DEBUG=1",
					"$(inherited)",
				);
				GCC_SYMBOLS_PRIVATE_EXTERN = NO;
				GCC_VERSION = com.apple.compilers.llvm.clang.1_0;
				GCC_WARN_ABOUT_MISSING_PROTOTYPES = YES;
				GCC_WARN_ABOUT_RETURN_TYPE = YES;
				GCC_WARN_UNUSED_VARIABLE = YES;
				IPHONEOS_DEPLOYMENT_TARGET = 5.0;
				SDKROOT = iphoneos;
			};
			name = Debug;
		};
		BC21984C1408DFE400D14B22 /* Release */ = {
			isa = XCBuildConfiguration;
			buildSettings = {
				ALWAYS_SEARCH_USER_PATHS = NO;
				ARCHS = "$(ARCHS_STANDARD_32_BIT)";
				CLANG_ENABLE_OBJC_ARC = YES;
				"CODE_SIGN_IDENTITY[sdk=iphoneos*]" = "iPhone Developer";
				COPY_PHASE_STRIP = YES;
				GCC_C_LANGUAGE_STANDARD = gnu99;
				GCC_VERSION = com.apple.compilers.llvm.clang.1_0;
				GCC_WARN_ABOUT_MISSING_PROTOTYPES = YES;
				GCC_WARN_ABOUT_RETURN_TYPE = YES;
				GCC_WARN_UNUSED_VARIABLE = YES;
				IPHONEOS_DEPLOYMENT_TARGET = 5.0;
				OTHER_CFLAGS = "-DNS_BLOCK_ASSERTIONS=1";
				SDKROOT = iphoneos;
				VALIDATE_PRODUCT = YES;
			};
			name = Release;
		};
		BC21984E1408DFE400D14B22 /* Debug */ = {
			isa = XCBuildConfiguration;
			buildSettings = {
				GCC_PRECOMPILE_PREFIX_HEADER = YES;
				GCC_PREFIX_HEADER = "DriftHere/DriftHere-Prefix.pch";
				INFOPLIST_FILE = "DriftHere/DriftHere-Info.plist";
				PRODUCT_NAME = "$(TARGET_NAME)";
				WRAPPER_EXTENSION = app;
			};
			name = Debug;
		};
		BC21984F1408DFE400D14B22 /* Release */ = {
			isa = XCBuildConfiguration;
			buildSettings = {
				GCC_PRECOMPILE_PREFIX_HEADER = YES;
				GCC_PREFIX_HEADER = "DriftHere/DriftHere-Prefix.pch";
				INFOPLIST_FILE = "DriftHere/DriftHere-Info.plist";
				PRODUCT_NAME = "$(TARGET_NAME)";
				WRAPPER_EXTENSION = app;
			};
			name = Release;
		};
/* End XCBuildConfiguration section */

/* Begin XCConfigurationList section */
		BC21982B1408DFE400D14B22 /* Build configuration list for PBXProject "DriftHere" */ = {
			isa = XCConfigurationList;
			buildConfigurations = (
				BC21984B1408DFE400D14B22 /* Debug */,
				BC21984C1408DFE400D14B22 /* Release */,
			);
			defaultConfigurationIsVisible = 0;
			defaultConfigurationName = Release;
		};
		BC21984D1408DFE400D14B22 /* Build configuration list for PBXNativeTarget "DriftHere" */ = {
			isa = XCConfigurationList;
			buildConfigurations = (
				BC21984E1408DFE400D14B22 /* Debug */,
				BC21984F1408DFE400D14B22 /* Release */,
			);
			defaultConfigurationIsVisible = 0;
		};
/* End XCConfigurationList section */
	};
	rootObject = BC2198281408DFE400D14B22 /* Project object */;
}
